
Microsoft Visual Studio Solution File, Format Version 12.00
# Visual Studio Version 17
VisualStudioVersion = 17.3.32901.215
MinimumVisualStudioVersion = 10.0.40219.1
Project("{FAE04EC0-301F-11D3-BF4B-00C04F79EFBC}") = "L10+SBLG+1104822", "L10+SBLG+1104822\L10+SBLG+1104822.csproj", "{21042832-AF96-4A0B-9D34-1EA115E13F83}"
EndProject
Global
	GlobalSection(SolutionConfigurationPlatforms) = preSolution
		Debug|Any CPU = Debug|Any CPU
		Release|Any CPU = Release|Any CPU
	EndGlobalSection
	GlobalSection(ProjectConfigurationPlatforms) = postSolution
		{21042832-AF96-4A0B-9D34-1EA115E13F83}.Debug|Any CPU.ActiveCfg = Debug|Any CPU
		{21042832-AF96-4A0B-9D34-1EA115E13F83}.Debug|Any CPU.Build.0 = Debug|Any CPU
		{21042832-AF96-4A0B-9D34-1EA115E13F83}.Release|Any CPU.ActiveCfg = Release|Any CPU
		{21042832-AF96-4A0B-9D34-1EA115E13F83}.Release|Any CPU.Build.0 = Release|Any CPU
	EndGlobalSection
	GlobalSection(SolutionProperties) = preSolution
		HideSolutionNode = FALSE
	EndGlobalSection
	GlobalSection(ExtensibilityGlobals) = postSolution
		SolutionGuid = {0AAB6136-D822-4C2A-920E-837DCF6CC372}
	EndGlobalSection
EndGlobal
